// !$*UTF8*$!
{
	archiveVersion = 1;
	classes = {
	};
	objectVersion = 56;
	objects = {

/* Begin PBXBuildFile section */
		EB0492362DFAF39A00BA9306 /* VWO-FME in Frameworks */ = {isa = PBXBuildFile; productRef = EB0492352DFAF39A00BA9306 /* VWO-FME */; };
		EB95CCAD2DE8907600E1A5AF /* macostestappApp.swift in Sources */ = {isa = PBXBuildFile; fileRef = EB95CCAC2DE8907600E1A5AF /* macostestappApp.swift */; };
		EB95CCAF2DE8907600E1A5AF /* ContentView.swift in Sources */ = {isa = PBXBuildFile; fileRef = EB95CCAE2DE8907600E1A5AF /* ContentView.swift */; };
		EB95CCB12DE8907800E1A5AF /* Assets.xcassets in Resources */ = {isa = PBXBuildFile; fileRef = EB95CCB02DE8907800E1A5AF /* Assets.xcassets */; };
		EB95CCB42DE8907800E1A5AF /* Preview Assets.xcassets in Resources */ = {isa = PBXBuildFile; fileRef = EB95CCB32DE8907800E1A5AF /* Preview Assets.xcassets */; };
		EB95CCBC2DE8923600E1A5AF /* FeatureManager.swift in Sources */ = {isa = PBXBuildFile; fileRef = EB95CCBB2DE8923600E1A5AF /* FeatureManager.swift */; };
		EB95CCC22DE8986D00E1A5AF /* ContentViewModel.swift in Sources */ = {isa = PBXBuildFile; fileRef = EB95CCC12DE8986D00E1A5AF /* ContentViewModel.swift */; };
		EB95CCC52DE8993300E1A5AF /* Constants.swift in Sources */ = {isa = PBXBuildFile; fileRef = EB95CCC42DE8993300E1A5AF /* Constants.swift */; };
		EB95CCC72DE99EEE00E1A5AF /* Extensions.swift in Sources */ = {isa = PBXBuildFile; fileRef = EB95CCC62DE99EEE00E1A5AF /* Extensions.swift */; };
/* End PBXBuildFile section */

/* Begin PBXFileReference section */
		EB95CCA92DE8907600E1A5AF /* macostestapp.app */ = {isa = PBXFileReference; explicitFileType = wrapper.application; includeInIndex = 0; path = macostestapp.app; sourceTree = BUILT_PRODUCTS_DIR; };
		EB95CCAC2DE8907600E1A5AF /* macostestappApp.swift */ = {isa = PBXFileReference; lastKnownFileType = sourcecode.swift; path = macostestappApp.swift; sourceTree = "<group>"; };
		EB95CCAE2DE8907600E1A5AF /* ContentView.swift */ = {isa = PBXFileReference; lastKnownFileType = sourcecode.swift; path = ContentView.swift; sourceTree = "<group>"; };
		EB95CCB02DE8907800E1A5AF /* Assets.xcassets */ = {isa = PBXFileReference; lastKnownFileType = folder.assetcatalog; path = Assets.xcassets; sourceTree = "<group>"; };
		EB95CCB32DE8907800E1A5AF /* Preview Assets.xcassets */ = {isa = PBXFileReference; lastKnownFileType = folder.assetcatalog; path = "Preview Assets.xcassets"; sourceTree = "<group>"; };
		EB95CCB52DE8907800E1A5AF /* macostestapp.entitlements */ = {isa = PBXFileReference; lastKnownFileType = text.plist.entitlements; path = macostestapp.entitlements; sourceTree = "<group>"; };
		EB95CCBB2DE8923600E1A5AF /* FeatureManager.swift */ = {isa = PBXFileReference; lastKnownFileType = sourcecode.swift; path = FeatureManager.swift; sourceTree = "<group>"; };
		EB95CCC02DE8972D00E1A5AF /* Info.plist */ = {isa = PBXFileReference; lastKnownFileType = text.plist; path = Info.plist; sourceTree = "<group>"; };
		EB95CCC12DE8986D00E1A5AF /* ContentViewModel.swift */ = {isa = PBXFileReference; lastKnownFileType = sourcecode.swift; path = ContentViewModel.swift; sourceTree = "<group>"; };
		EB95CCC32DE8990200E1A5AF /* Config.xcconfig */ = {isa = PBXFileReference; lastKnownFileType = text.xcconfig; path = Config.xcconfig; sourceTree = "<group>"; };
		EB95CCC42DE8993300E1A5AF /* Constants.swift */ = {isa = PBXFileReference; lastKnownFileType = sourcecode.swift; path = Constants.swift; sourceTree = "<group>"; };
		EB95CCC62DE99EEE00E1A5AF /* Extensions.swift */ = {isa = PBXFileReference; lastKnownFileType = sourcecode.swift; path = Extensions.swift; sourceTree = "<group>"; };
/* End PBXFileReference section */

/* Begin PBXFrameworksBuildPhase section */
		EB95CCA62DE8907600E1A5AF /* Frameworks */ = {
			isa = PBXFrameworksBuildPhase;
			buildActionMask = 2147483647;
			files = (
				EB0492362DFAF39A00BA9306 /* VWO-FME in Frameworks */,
			);
			runOnlyForDeploymentPostprocessing = 0;
		};
/* End PBXFrameworksBuildPhase section */

/* Begin PBXGroup section */
		EB95CCA02DE8907600E1A5AF = {
			isa = PBXGroup;
			children = (
				EB95CCC32DE8990200E1A5AF /* Config.xcconfig */,
				EB95CCAB2DE8907600E1A5AF /* macostestapp */,
				EB95CCAA2DE8907600E1A5AF /* Products */,
			);
			sourceTree = "<group>";
		};
		EB95CCAA2DE8907600E1A5AF /* Products */ = {
			isa = PBXGroup;
			children = (
				EB95CCA92DE8907600E1A5AF /* macostestapp.app */,
			);
			name = Products;
			sourceTree = "<group>";
		};
		EB95CCAB2DE8907600E1A5AF /* macostestapp */ = {
			isa = PBXGroup;
			children = (
				EB95CCC02DE8972D00E1A5AF /* Info.plist */,
				EB95CCAC2DE8907600E1A5AF /* macostestappApp.swift */,
				EB95CCAE2DE8907600E1A5AF /* ContentView.swift */,
				EB95CCC12DE8986D00E1A5AF /* ContentViewModel.swift */,
				EB95CCC42DE8993300E1A5AF /* Constants.swift */,
				EB95CCBB2DE8923600E1A5AF /* FeatureManager.swift */,
				EB95CCC62DE99EEE00E1A5AF /* Extensions.swift */,
				EB95CCB02DE8907800E1A5AF /* Assets.xcassets */,
				EB95CCB52DE8907800E1A5AF /* macostestapp.entitlements */,
				EB95CCB22DE8907800E1A5AF /* Preview Content */,
			);
			path = macostestapp;
			sourceTree = "<group>";
		};
		EB95CCB22DE8907800E1A5AF /* Preview Content */ = {
			isa = PBXGroup;
			children = (
				EB95CCB32DE8907800E1A5AF /* Preview Assets.xcassets */,
			);
			path = "Preview Content";
			sourceTree = "<group>";
		};
/* End PBXGroup section */

/* Begin PBXNativeTarget section */
		EB95CCA82DE8907600E1A5AF /* macostestapp */ = {
			isa = PBXNativeTarget;
			buildConfigurationList = EB95CCB82DE8907800E1A5AF /* Build configuration list for PBXNativeTarget "macostestapp" */;
			buildPhases = (
				EB95CCA52DE8907600E1A5AF /* Sources */,
				EB95CCA62DE8907600E1A5AF /* Frameworks */,
				EB95CCA72DE8907600E1A5AF /* Resources */,
			);
			buildRules = (
			);
			dependencies = (
			);
			name = macostestapp;
			packageProductDependencies = (
				EB0492352DFAF39A00BA9306 /* VWO-FME */,
			);
			productName = macostestapp;
			productReference = EB95CCA92DE8907600E1A5AF /* macostestapp.app */;
			productType = "com.apple.product-type.application";
		};
/* End PBXNativeTarget section */

/* Begin PBXProject section */
		EB95CCA12DE8907600E1A5AF /* Project object */ = {
			isa = PBXProject;
			attributes = {
				BuildIndependentTargetsInParallel = 1;
				LastSwiftUpdateCheck = 1520;
				LastUpgradeCheck = 1520;
				TargetAttributes = {
					EB95CCA82DE8907600E1A5AF = {
						CreatedOnToolsVersion = 15.2;
					};
				};
			};
			buildConfigurationList = EB95CCA42DE8907600E1A5AF /* Build configuration list for PBXProject "macostestapp" */;
			compatibilityVersion = "Xcode 14.0";
			developmentRegion = en;
			hasScannedForEncodings = 0;
			knownRegions = (
				en,
				Base,
			);
			mainGroup = EB95CCA02DE8907600E1A5AF;
			packageReferences = (
				EB0492342DFAF39A00BA9306 /* XCRemoteSwiftPackageReference "vwo-fme-ios-sdk" */,
			);
			productRefGroup = EB95CCAA2DE8907600E1A5AF /* Products */;
			projectDirPath = "";
			projectRoot = "";
			targets = (
				EB95CCA82DE8907600E1A5AF /* macostestapp */,
			);
		};
/* End PBXProject section */

/* Begin PBXResourcesBuildPhase section */
		EB95CCA72DE8907600E1A5AF /* Resources */ = {
			isa = PBXResourcesBuildPhase;
			buildActionMask = 2147483647;
			files = (
				EB95CCB42DE8907800E1A5AF /* Preview Assets.xcassets in Resources */,
				EB95CCB12DE8907800E1A5AF /* Assets.xcassets in Resources */,
			);
			runOnlyForDeploymentPostprocessing = 0;
		};
/* End PBXResourcesBuildPhase section */

/* Begin PBXSourcesBuildPhase section */
		EB95CCA52DE8907600E1A5AF /* Sources */ = {
			isa = PBXSourcesBuildPhase;
			buildActionMask = 2147483647;
			files = (
				EB95CCC52DE8993300E1A5AF /* Constants.swift in Sources */,
				EB95CCC72DE99EEE00E1A5AF /* Extensions.swift in Sources */,
				EB95CCC22DE8986D00E1A5AF /* ContentViewModel.swift in Sources */,
				EB95CCAF2DE8907600E1A5AF /* ContentView.swift in Sources */,
				EB95CCBC2DE8923600E1A5AF /* FeatureManager.swift in Sources */,
				EB95CCAD2DE8907600E1A5AF /* macostestappApp.swift in Sources */,
			);
			runOnlyForDeploymentPostprocessing = 0;
		};
/* End PBXSourcesBuildPhase section */

/* Begin XCBuildConfiguration section */
		EB95CCB62DE8907800E1A5AF /* Debug */ = {
			isa = XCBuildConfiguration;
			baseConfigurationReference = EB95CCC32DE8990200E1A5AF /* Config.xcconfig */;
			buildSettings = {
				ALWAYS_SEARCH_USER_PATHS = NO;
				ASSETCATALOG_COMPILER_GENERATE_SWIFT_ASSET_SYMBOL_EXTENSIONS = YES;
				CLANG_ANALYZER_NONNULL = YES;
				CLANG_ANALYZER_NUMBER_OBJECT_CONVERSION = YES_AGGRESSIVE;
				CLANG_CXX_LANGUAGE_STANDARD = "gnu++20";
				CLANG_ENABLE_MODULES = YES;
				CLANG_ENABLE_OBJC_ARC = YES;
				CLANG_ENABLE_OBJC_WEAK = YES;
				CLANG_WARN_BLOCK_CAPTURE_AUTORELEASING = YES;
				CLANG_WARN_BOOL_CONVERSION = YES;
				CLANG_WARN_COMMA = YES;
				CLANG_WARN_CONSTANT_CONVERSION = YES;
				CLANG_WARN_DEPRECATED_OBJC_IMPLEMENTATIONS = YES;
				CLANG_WARN_DIRECT_OBJC_ISA_USAGE = YES_ERROR;
				CLANG_WARN_DOCUMENTATION_COMMENTS = YES;
				CLANG_WARN_EMPTY_BODY = YES;
				CLANG_WARN_ENUM_CONVERSION = YES;
				CLANG_WARN_INFINITE_RECURSION = YES;
				CLANG_WARN_INT_CONVERSION = YES;
				CLANG_WARN_NON_LITERAL_NULL_CONVERSION = YES;
				CLANG_WARN_OBJC_IMPLICIT_RETAIN_SELF = YES;
				CLANG_WARN_OBJC_LITERAL_CONVERSION = YES;
				CLANG_WARN_OBJC_ROOT_CLASS = YES_ERROR;
				CLANG_WARN_QUOTED_INCLUDE_IN_FRAMEWORK_HEADER = YES;
				CLANG_WARN_RANGE_LOOP_ANALYSIS = YES;
				CLANG_WARN_STRICT_PROTOTYPES = YES;
				CLANG_WARN_SUSPICIOUS_MOVE = YES;
				CLANG_WARN_UNGUARDED_AVAILABILITY = YES_AGGRESSIVE;
				CLANG_WARN_UNREACHABLE_CODE = YES;
				CLANG_WARN__DUPLICATE_METHOD_MATCH = YES;
				COPY_PHASE_STRIP = NO;
				DEBUG_INFORMATION_FORMAT = dwarf;
				ENABLE_STRICT_OBJC_MSGSEND = YES;
				ENABLE_TESTABILITY = YES;
				ENABLE_USER_SCRIPT_SANDBOXING = YES;
				GCC_C_LANGUAGE_STANDARD = gnu17;
				GCC_DYNAMIC_NO_PIC = NO;
				GCC_NO_COMMON_BLOCKS = YES;
				GCC_OPTIMIZATION_LEVEL = 0;
				GCC_PREPROCESSOR_DEFINITIONS = (
					"DEBUG=1",
					"$(inherited)",
				);
				GCC_WARN_64_TO_32_BIT_CONVERSION = YES;
				GCC_WARN_ABOUT_RETURN_TYPE = YES_ERROR;
				GCC_WARN_UNDECLARED_SELECTOR = YES;
				GCC_WARN_UNINITIALIZED_AUTOS = YES_AGGRESSIVE;
				GCC_WARN_UNUSED_FUNCTION = YES;
				GCC_WARN_UNUSED_VARIABLE = YES;
				LOCALIZATION_PREFERS_STRING_CATALOGS = YES;
				MACOSX_DEPLOYMENT_TARGET = 14.2;
				MTL_ENABLE_DEBUG_INFO = INCLUDE_SOURCE;
				MTL_FAST_MATH = YES;
				ONLY_ACTIVE_ARCH = YES;
				SDKROOT = macosx;
				SWIFT_ACTIVE_COMPILATION_CONDITIONS = "DEBUG $(inherited)";
				SWIFT_OPTIMIZATION_LEVEL = "-Onone";
			};
			name = Debug;
		};
		EB95CCB72DE8907800E1A5AF /* Release */ = {
			isa = XCBuildConfiguration;
			baseConfigurationReference = EB95CCC32DE8990200E1A5AF /* Config.xcconfig */;
			buildSettings = {
				ALWAYS_SEARCH_USER_PATHS = NO;
				ASSETCATALOG_COMPILER_GENERATE_SWIFT_ASSET_SYMBOL_EXTENSIONS = YES;
				CLANG_ANALYZER_NONNULL = YES;
				CLANG_ANALYZER_NUMBER_OBJECT_CONVERSION = YES_AGGRESSIVE;
				CLANG_CXX_LANGUAGE_STANDARD = "gnu++20";
				CLANG_ENABLE_MODULES = YES;
				CLANG_ENABLE_OBJC_ARC = YES;
				CLANG_ENABLE_OBJC_WEAK = YES;
				CLANG_WARN_BLOCK_CAPTURE_AUTORELEASING = YES;
				CLANG_WARN_BOOL_CONVERSION = YES;
				CLANG_WARN_COMMA = YES;
				CLANG_WARN_CONSTANT_CONVERSION = YES;
				CLANG_WARN_DEPRECATED_OBJC_IMPLEMENTATIONS = YES;
				CLANG_WARN_DIRECT_OBJC_ISA_USAGE = YES_ERROR;
				CLANG_WARN_DOCUMENTATION_COMMENTS = YES;
				CLANG_WARN_EMPTY_BODY = YES;
				CLANG_WARN_ENUM_CONVERSION = YES;
				CLANG_WARN_INFINITE_RECURSION = YES;
				CLANG_WARN_INT_CONVERSION = YES;
				CLANG_WARN_NON_LITERAL_NULL_CONVERSION = YES;
				CLANG_WARN_OBJC_IMPLICIT_RETAIN_SELF = YES;
				CLANG_WARN_OBJC_LITERAL_CONVERSION = YES;
				CLANG_WARN_OBJC_ROOT_CLASS = YES_ERROR;
				CLANG_WARN_QUOTED_INCLUDE_IN_FRAMEWORK_HEADER = YES;
				CLANG_WARN_RANGE_LOOP_ANALYSIS = YES;
				CLANG_WARN_STRICT_PROTOTYPES = YES;
				CLANG_WARN_SUSPICIOUS_MOVE = YES;
				CLANG_WARN_UNGUARDED_AVAILABILITY = YES_AGGRESSIVE;
				CLANG_WARN_UNREACHABLE_CODE = YES;
				CLANG_WARN__DUPLICATE_METHOD_MATCH = YES;
				COPY_PHASE_STRIP = NO;
				DEBUG_INFORMATION_FORMAT = "dwarf-with-dsym";
				ENABLE_NS_ASSERTIONS = NO;
				ENABLE_STRICT_OBJC_MSGSEND = YES;
				ENABLE_USER_SCRIPT_SANDBOXING = YES;
				GCC_C_LANGUAGE_STANDARD = gnu17;
				GCC_NO_COMMON_BLOCKS = YES;
				GCC_WARN_64_TO_32_BIT_CONVERSION = YES;
				GCC_WARN_ABOUT_RETURN_TYPE = YES_ERROR;
				GCC_WARN_UNDECLARED_SELECTOR = YES;
				GCC_WARN_UNINITIALIZED_AUTOS = YES_AGGRESSIVE;
				GCC_WARN_UNUSED_FUNCTION = YES;
				GCC_WARN_UNUSED_VARIABLE = YES;
				LOCALIZATION_PREFERS_STRING_CATALOGS = YES;
				MACOSX_DEPLOYMENT_TARGET = 14.2;
				MTL_ENABLE_DEBUG_INFO = NO;
				MTL_FAST_MATH = YES;
				SDKROOT = macosx;
				SWIFT_COMPILATION_MODE = wholemodule;
			};
			name = Release;
		};
		EB95CCB92DE8907800E1A5AF /* Debug */ = {
			isa = XCBuildConfiguration;
			baseConfigurationReference = EB95CCC32DE8990200E1A5AF /* Config.xcconfig */;
			buildSettings = {
				ASSETCATALOG_COMPILER_APPICON_NAME = AppIcon;
				ASSETCATALOG_COMPILER_GLOBAL_ACCENT_COLOR_NAME = AccentColor;
				CODE_SIGN_ENTITLEMENTS = macostestapp/macostestapp.entitlements;
				CODE_SIGN_STYLE = Automatic;
				COMBINE_HIDPI_IMAGES = YES;
				CURRENT_PROJECT_VERSION = 1;
				DEVELOPMENT_ASSET_PATHS = "\"macostestapp/Preview Content\"";
				DEVELOPMENT_TEAM = DBN26NC8KE;
				ENABLE_HARDENED_RUNTIME = YES;
				ENABLE_PREVIEWS = YES;
				ENABLE_USER_SCRIPT_SANDBOXING = NO;
				GENERATE_INFOPLIST_FILE = YES;
				INFOPLIST_FILE = macostestapp/Info.plist;
				INFOPLIST_KEY_NSHumanReadableCopyright = "";
				LD_RUNPATH_SEARCH_PATHS = (
					"$(inherited)",
					"@executable_path/../Frameworks",
				);
				MARKETING_VERSION = 1.0;
				PRODUCT_BUNDLE_IDENTIFIER = com.wingify.demoapp.macostestapp;
				PRODUCT_NAME = "$(TARGET_NAME)";
				SWIFT_EMIT_LOC_STRINGS = YES;
				SWIFT_VERSION = 5.0;
			};
			name = Debug;
		};
		EB95CCBA2DE8907800E1A5AF /* Release */ = {
			isa = XCBuildConfiguration;
			baseConfigurationReference = EB95CCC32DE8990200E1A5AF /* Config.xcconfig */;
			buildSettings = {
				ASSETCATALOG_COMPILER_APPICON_NAME = AppIcon;
				ASSETCATALOG_COMPILER_GLOBAL_ACCENT_COLOR_NAME = AccentColor;
				CODE_SIGN_ENTITLEMENTS = macostestapp/macostestapp.entitlements;
				CODE_SIGN_STYLE = Automatic;
				COMBINE_HIDPI_IMAGES = YES;
				CURRENT_PROJECT_VERSION = 1;
				DEVELOPMENT_ASSET_PATHS = "\"macostestapp/Preview Content\"";
				DEVELOPMENT_TEAM = DBN26NC8KE;
				ENABLE_HARDENED_RUNTIME = YES;
				ENABLE_PREVIEWS = YES;
				ENABLE_USER_SCRIPT_SANDBOXING = NO;
				GENERATE_INFOPLIST_FILE = YES;
				INFOPLIST_FILE = macostestapp/Info.plist;
				INFOPLIST_KEY_NSHumanReadableCopyright = "";
				LD_RUNPATH_SEARCH_PATHS = (
					"$(inherited)",
					"@executable_path/../Frameworks",
				);
				MARKETING_VERSION = 1.0;
				PRODUCT_BUNDLE_IDENTIFIER = com.wingify.demoapp.macostestapp;
				PRODUCT_NAME = "$(TARGET_NAME)";
				SWIFT_EMIT_LOC_STRINGS = YES;
				SWIFT_VERSION = 5.0;
			};
			name = Release;
		};
/* End XCBuildConfiguration section */

/* Begin XCConfigurationList section */
		EB95CCA42DE8907600E1A5AF /* Build configuration list for PBXProject "macostestapp" */ = {
			isa = XCConfigurationList;
			buildConfigurations = (
				EB95CCB62DE8907800E1A5AF /* Debug */,
				EB95CCB72DE8907800E1A5AF /* Release */,
			);
			defaultConfigurationIsVisible = 0;
			defaultConfigurationName = Release;
		};
		EB95CCB82DE8907800E1A5AF /* Build configuration list for PBXNativeTarget "macostestapp" */ = {
			isa = XCConfigurationList;
			buildConfigurations = (
				EB95CCB92DE8907800E1A5AF /* Debug */,
				EB95CCBA2DE8907800E1A5AF /* Release */,
			);
			defaultConfigurationIsVisible = 0;
			defaultConfigurationName = Release;
		};
/* End XCConfigurationList section */

/* Begin XCRemoteSwiftPackageReference section */
		EB0492342DFAF39A00BA9306 /* XCRemoteSwiftPackageReference "vwo-fme-ios-sdk" */ = {
			isa = XCRemoteSwiftPackageReference;
			repositoryURL = "https://github.com/wingify/vwo-fme-ios-sdk.git";
			requirement = {
				kind = upToNextMajorVersion;
				minimumVersion = 1.7.0;
			};
		};
/* End XCRemoteSwiftPackageReference section */

/* Begin XCSwiftPackageProductDependency section */
		EB0492352DFAF39A00BA9306 /* VWO-FME */ = {
			isa = XCSwiftPackageProductDependency;
			package = EB0492342DFAF39A00BA9306 /* XCRemoteSwiftPackageReference "vwo-fme-ios-sdk" */;
			productName = "VWO-FME";
		};
/* End XCSwiftPackageProductDependency section */
	};
	rootObject = EB95CCA12DE8907600E1A5AF /* Project object */;
}
